
Microsoft Visual Studio Solution File, Format Version 12.00
# Visual Studio Version 16
VisualStudioVersion = 16.0.31321.278
MinimumVisualStudioVersion = 10.0.40219.1
Project("{FAE04EC0-301F-11D3-BF4B-00C04F79EFBC}") = "JiraIADemo", "JiraIADemo\JiraIADemo.csproj", "{BCEF99A9-B77F-429B-ABE7-87F254A80E70}"
EndProject
Global
	GlobalSection(SolutionConfigurationPlatforms) = preSolution
		Debug|Any CPU = Debug|Any CPU
		Release|Any CPU = Release|Any CPU
	EndGlobalSection
	GlobalSection(ProjectConfigurationPlatforms) = postSolution
		{BCEF99A9-B77F-429B-ABE7-87F254A80E70}.Debug|Any CPU.ActiveCfg = Debug|Any CPU
		{BCEF99A9-B77F-429B-ABE7-87F254A80E70}.Debug|Any CPU.Build.0 = Debug|Any CPU
		{BCEF99A9-B77F-429B-ABE7-87F254A80E70}.Release|Any CPU.ActiveCfg = Release|Any CPU
		{BCEF99A9-B77F-429B-ABE7-87F254A80E70}.Release|Any CPU.Build.0 = Release|Any CPU
	EndGlobalSection
	GlobalSection(SolutionProperties) = preSolution
		HideSolutionNode = FALSE
	EndGlobalSection
	GlobalSection(ExtensibilityGlobals) = postSolution
		SolutionGuid = {A11A4603-D9BC-4164-8255-26D234592D0B}
	EndGlobalSection
EndGlobal
